
Microsoft Visual Studio Solution File, Format Version 12.00
# Visual Studio 15
VisualStudioVersion = 15.0.27703.2042
MinimumVisualStudioVersion = 10.0.40219.1
Project("{FAE04EC0-301F-11D3-BF4B-00C04F79EFBC}") = "Enigma", "Enigma\Enigma.csproj", "{C48451CF-F364-4674-8F23-BDC94F4FD1E1}"
EndProject
Global
	GlobalSection(SolutionConfigurationPlatforms) = preSolution
		Debug|Any CPU = Debug|Any CPU
		Release|Any CPU = Release|Any CPU
	EndGlobalSection
	GlobalSection(ProjectConfigurationPlatforms) = postSolution
		{C48451CF-F364-4674-8F23-BDC94F4FD1E1}.Debug|Any CPU.ActiveCfg = Debug|Any CPU
		{C48451CF-F364-4674-8F23-BDC94F4FD1E1}.Debug|Any CPU.Build.0 = Debug|Any CPU
		{C48451CF-F364-4674-8F23-BDC94F4FD1E1}.Release|Any CPU.ActiveCfg = Release|Any CPU
		{C48451CF-F364-4674-8F23-BDC94F4FD1E1}.Release|Any CPU.Build.0 = Release|Any CPU
	EndGlobalSection
	GlobalSection(SolutionProperties) = preSolution
		HideSolutionNode = FALSE
	EndGlobalSection
	GlobalSection(ExtensibilityGlobals) = postSolution
		SolutionGuid = {F1AF268D-8228-4E67-A514-BDB8F0018CA7}
	EndGlobalSection
EndGlobal
